
Microsoft Visual Studio Solution File, Format Version 12.00
# Visual Studio Version 17
VisualStudioVersion = 17.13.35825.156
MinimumVisualStudioVersion = 10.0.40219.1
Project("{FAE04EC0-301F-11D3-BF4B-00C04F79EFBC}") = "CartFlipper", "CartFlipper\CartFlipper.csproj", "{A20715F2-454B-4F1B-9DB2-1475B244B32E}"
EndProject
Global
	GlobalSection(SolutionConfigurationPlatforms) = preSolution
		Debug|Any CPU = Debug|Any CPU
		Release|Any CPU = Release|Any CPU
	EndGlobalSection
	GlobalSection(ProjectConfigurationPlatforms) = postSolution
		{A20715F2-454B-4F1B-9DB2-1475B244B32E}.Debug|Any CPU.ActiveCfg = Debug|Any CPU
		{A20715F2-454B-4F1B-9DB2-1475B244B32E}.Debug|Any CPU.Build.0 = Debug|Any CPU
		{A20715F2-454B-4F1B-9DB2-1475B244B32E}.Release|Any CPU.ActiveCfg = Release|Any CPU
		{A20715F2-454B-4F1B-9DB2-1475B244B32E}.Release|Any CPU.Build.0 = Release|Any CPU
	EndGlobalSection
	GlobalSection(SolutionProperties) = preSolution
		HideSolutionNode = FALSE
	EndGlobalSection
	GlobalSection(ExtensibilityGlobals) = postSolution
		SolutionGuid = {4EA53FA2-1DCC-4A2E-AA2D-688C2EDBC30B}
	EndGlobalSection
EndGlobal
